{
  "name": "sensor_catalogue",
  "lockfileVersion": 3,
  "requires": true,
  "packages": {
    "": {
      "dependencies": {
        "svg-gauge": "^1.0.7"
      }
    },
    "node_modules/svg-gauge": {
      "version": "1.0.7",
      "resolved": "https://registry.npmjs.org/svg-gauge/-/svg-gauge-1.0.7.tgz",
      "integrity": "sha512-k+tG+e6kmTvO80FFS595XzKKF6b6T2KCr5ruzfQ9udl7h72Psl18QElgBrR7ezQd7aZROBNSN7WIle/CyJVCPA=="
    }
  }
}
